
Microsoft Visual Studio Solution File, Format Version 12.00
# Visual Studio Version 16
VisualStudioVersion = 16.0.29102.190
MinimumVisualStudioVersion = 10.0.40219.1
Project("{FAE04EC0-301F-11D3-BF4B-00C04F79EFBC}") = "T3DSharpGenerator", "T3DSharpGenerator\T3DSharpGenerator.csproj", "{484F4883-816B-40FE-B714-4C3ED8AFADC9}"
EndProject
Project("{FAE04EC0-301F-11D3-BF4B-00C04F79EFBC}") = "T3DSharpFramework", "T3DSharpFramework\T3DSharpFramework.csproj", "{383BB2AC-7904-4222-BB85-3012A490EEE9}"
EndProject
Global
	GlobalSection(SolutionConfigurationPlatforms) = preSolution
		Debug|Any CPU = Debug|Any CPU
		Debug|x64 = Debug|x64
		Release|Any CPU = Release|Any CPU
		Release|x64 = Release|x64
	EndGlobalSection
	GlobalSection(ProjectConfigurationPlatforms) = postSolution
		{484F4883-816B-40FE-B714-4C3ED8AFADC9}.Debug|Any CPU.ActiveCfg = Debug|Any CPU
		{484F4883-816B-40FE-B714-4C3ED8AFADC9}.Debug|Any CPU.Build.0 = Debug|Any CPU
		{484F4883-816B-40FE-B714-4C3ED8AFADC9}.Debug|x64.ActiveCfg = Debug|x64
		{484F4883-816B-40FE-B714-4C3ED8AFADC9}.Debug|x64.Build.0 = Debug|x64
		{484F4883-816B-40FE-B714-4C3ED8AFADC9}.Release|Any CPU.ActiveCfg = Release|Any CPU
		{484F4883-816B-40FE-B714-4C3ED8AFADC9}.Release|Any CPU.Build.0 = Release|Any CPU
		{484F4883-816B-40FE-B714-4C3ED8AFADC9}.Release|x64.ActiveCfg = Release|x64
		{484F4883-816B-40FE-B714-4C3ED8AFADC9}.Release|x64.Build.0 = Release|x64
		{383BB2AC-7904-4222-BB85-3012A490EEE9}.Debug|Any CPU.ActiveCfg = Debug|Any CPU
		{383BB2AC-7904-4222-BB85-3012A490EEE9}.Debug|Any CPU.Build.0 = Debug|Any CPU
		{383BB2AC-7904-4222-BB85-3012A490EEE9}.Debug|x64.ActiveCfg = Debug|x64
		{383BB2AC-7904-4222-BB85-3012A490EEE9}.Debug|x64.Build.0 = Debug|x64
		{383BB2AC-7904-4222-BB85-3012A490EEE9}.Release|Any CPU.ActiveCfg = Release|Any CPU
		{383BB2AC-7904-4222-BB85-3012A490EEE9}.Release|Any CPU.Build.0 = Release|Any CPU
		{383BB2AC-7904-4222-BB85-3012A490EEE9}.Release|x64.ActiveCfg = Release|x64
		{383BB2AC-7904-4222-BB85-3012A490EEE9}.Release|x64.Build.0 = Release|x64
	EndGlobalSection
	GlobalSection(SolutionProperties) = preSolution
		HideSolutionNode = FALSE
	EndGlobalSection
	GlobalSection(ExtensibilityGlobals) = postSolution
		SolutionGuid = {19AA602E-4C37-47A9-AC14-6BDCBAEE63C9}
	EndGlobalSection
EndGlobal
